
Microsoft Visual Studio Solution File, Format Version 12.00
# Visual Studio Version 16
VisualStudioVersion = 16.0.31424.327
MinimumVisualStudioVersion = 10.0.40219.1
Project("{FAE04EC0-301F-11D3-BF4B-00C04F79EFBC}") = "SimpleInjectorTest.WinForm", "SimpleInjectorTest.WinForm\SimpleInjectorTest.WinForm.csproj", "{72A1B186-FC66-4D38-844E-41DD2F7E09E5}"
EndProject
Project("{FAE04EC0-301F-11D3-BF4B-00C04F79EFBC}") = "SimpleInjectorTest.DependencyManager", "SimpleInjectorTest.DependencyManager\SimpleInjectorTest.DependencyManager.csproj", "{B443BEEC-7AA4-43DD-B0C0-E619ECFE6A85}"
EndProject
Project("{FAE04EC0-301F-11D3-BF4B-00C04F79EFBC}") = "SimpleInjectorTest.Utils", "SimpleInjectorTest.Utils\SimpleInjectorTest.Utils.csproj", "{EFBB1041-E2F0-4FFD-B30F-F654F45E7D15}"
EndProject
Global
	GlobalSection(SolutionConfigurationPlatforms) = preSolution
		Debug|Any CPU = Debug|Any CPU
		Release|Any CPU = Release|Any CPU
	EndGlobalSection
	GlobalSection(ProjectConfigurationPlatforms) = postSolution
		{72A1B186-FC66-4D38-844E-41DD2F7E09E5}.Debug|Any CPU.ActiveCfg = Debug|Any CPU
		{72A1B186-FC66-4D38-844E-41DD2F7E09E5}.Debug|Any CPU.Build.0 = Debug|Any CPU
		{72A1B186-FC66-4D38-844E-41DD2F7E09E5}.Release|Any CPU.ActiveCfg = Release|Any CPU
		{72A1B186-FC66-4D38-844E-41DD2F7E09E5}.Release|Any CPU.Build.0 = Release|Any CPU
		{B443BEEC-7AA4-43DD-B0C0-E619ECFE6A85}.Debug|Any CPU.ActiveCfg = Debug|Any CPU
		{B443BEEC-7AA4-43DD-B0C0-E619ECFE6A85}.Debug|Any CPU.Build.0 = Debug|Any CPU
		{B443BEEC-7AA4-43DD-B0C0-E619ECFE6A85}.Release|Any CPU.ActiveCfg = Release|Any CPU
		{B443BEEC-7AA4-43DD-B0C0-E619ECFE6A85}.Release|Any CPU.Build.0 = Release|Any CPU
		{EFBB1041-E2F0-4FFD-B30F-F654F45E7D15}.Debug|Any CPU.ActiveCfg = Debug|Any CPU
		{EFBB1041-E2F0-4FFD-B30F-F654F45E7D15}.Debug|Any CPU.Build.0 = Debug|Any CPU
		{EFBB1041-E2F0-4FFD-B30F-F654F45E7D15}.Release|Any CPU.ActiveCfg = Release|Any CPU
		{EFBB1041-E2F0-4FFD-B30F-F654F45E7D15}.Release|Any CPU.Build.0 = Release|Any CPU
	EndGlobalSection
	GlobalSection(SolutionProperties) = preSolution
		HideSolutionNode = FALSE
	EndGlobalSection
	GlobalSection(ExtensibilityGlobals) = postSolution
		SolutionGuid = {4F32F3AB-757C-42FD-8259-322505A614FB}
	EndGlobalSection
EndGlobal
